
Microsoft Visual Studio Solution File, Format Version 12.00
# Visual Studio Version 17
VisualStudioVersion = 17.14.36804.6 d17.14
MinimumVisualStudioVersion = 10.0.40219.1
Project("{FAE04EC0-301F-11D3-BF4B-00C04F79EFBC}") = "PetZoneApp", "PetZoneApp\PetZoneApp.csproj", "{DC42CBF6-2F4F-49B3-8F5B-979F43B357A0}"
EndProject
Global
	GlobalSection(SolutionConfigurationPlatforms) = preSolution
		Debug|Any CPU = Debug|Any CPU
		Release|Any CPU = Release|Any CPU
	EndGlobalSection
	GlobalSection(ProjectConfigurationPlatforms) = postSolution
		{DC42CBF6-2F4F-49B3-8F5B-979F43B357A0}.Debug|Any CPU.ActiveCfg = Debug|Any CPU
		{DC42CBF6-2F4F-49B3-8F5B-979F43B357A0}.Debug|Any CPU.Build.0 = Debug|Any CPU
		{DC42CBF6-2F4F-49B3-8F5B-979F43B357A0}.Release|Any CPU.ActiveCfg = Release|Any CPU
		{DC42CBF6-2F4F-49B3-8F5B-979F43B357A0}.Release|Any CPU.Build.0 = Release|Any CPU
	EndGlobalSection
	GlobalSection(SolutionProperties) = preSolution
		HideSolutionNode = FALSE
	EndGlobalSection
	GlobalSection(ExtensibilityGlobals) = postSolution
		SolutionGuid = {8F60C309-93BB-4D8A-83FC-6DF0716DEFAC}
	EndGlobalSection
EndGlobal
